
Microsoft Visual Studio Solution File, Format Version 12.00
# Visual Studio Version 16
VisualStudioVersion = 16.0.29613.14
MinimumVisualStudioVersion = 10.0.40219.1
Project("{FAE04EC0-301F-11D3-BF4B-00C04F79EFBC}") = "Legends", "Legends\Legends.csproj", "{AB77545F-E66C-4D74-A1EA-2D69C2603EDB}"
EndProject
Project("{FAE04EC0-301F-11D3-BF4B-00C04F79EFBC}") = "Legends.Components", "GameData\Legends.Components.csproj", "{D0B3F343-0642-4462-9C3F-D4499703FB4E}"
EndProject
Project("{FAE04EC0-301F-11D3-BF4B-00C04F79EFBC}") = "Legends Testing", "Legends Testing\Legends Testing.csproj", "{8AD8CAB3-5AC0-4E2C-806F-8EED613F0919}"
EndProject
Project("{FAE04EC0-301F-11D3-BF4B-00C04F79EFBC}") = "Engine.Benchmark", "Benchmarking\Engine.Benchmark.csproj", "{3528A9AB-ADC9-48F4-8410-295857BC5973}"
EndProject
Project("{FAE04EC0-301F-11D3-BF4B-00C04F79EFBC}") = "Legends.Systems", "Legends.Systems\Legends.Systems.csproj", "{47E2B643-254C-4212-B568-C31DB16300C2}"
EndProject
Project("{2150E333-8FDC-42A3-9474-1A3956D46DE8}") = "Engine", "Engine", "{99786194-E870-4A11-A31F-9A0EEC22C836}"
EndProject
Project("{FAE04EC0-301F-11D3-BF4B-00C04F79EFBC}") = "Engine Tests", "Engine Tests\Engine Tests.csproj", "{1D4BA009-AB4D-4FF8-9A3B-B1D3402266AD}"
EndProject
Project("{FAE04EC0-301F-11D3-BF4B-00C04F79EFBC}") = "Engine", "Engine\Engine.csproj", "{F229CAC5-25B6-4FE0-9E51-12FC61EF6A07}"
EndProject
Project("{FAE04EC0-301F-11D3-BF4B-00C04F79EFBC}") = "ResourceBuilder", "ResourceBuilder\ResourceBuilder.csproj", "{DDA22293-401F-49D5-A29F-1DB4209ED78E}"
EndProject
Project("{FAE04EC0-301F-11D3-BF4B-00C04F79EFBC}") = "ResourceBuilderTest", "ResourceBuilderTest\ResourceBuilderTest.csproj", "{15ED825D-768B-4541-BCB3-B9B192619CFE}"
EndProject
Global
	GlobalSection(SolutionConfigurationPlatforms) = preSolution
		Debug|Any CPU = Debug|Any CPU
		Debug|x64 = Debug|x64
		Debug|x86 = Debug|x86
		Release|Any CPU = Release|Any CPU
		Release|x64 = Release|x64
		Release|x86 = Release|x86
	EndGlobalSection
	GlobalSection(ProjectConfigurationPlatforms) = postSolution
		{AB77545F-E66C-4D74-A1EA-2D69C2603EDB}.Debug|Any CPU.ActiveCfg = Debug|Any CPU
		{AB77545F-E66C-4D74-A1EA-2D69C2603EDB}.Debug|Any CPU.Build.0 = Debug|Any CPU
		{AB77545F-E66C-4D74-A1EA-2D69C2603EDB}.Debug|x64.ActiveCfg = Debug|Any CPU
		{AB77545F-E66C-4D74-A1EA-2D69C2603EDB}.Debug|x64.Build.0 = Debug|Any CPU
		{AB77545F-E66C-4D74-A1EA-2D69C2603EDB}.Debug|x86.ActiveCfg = Debug|Any CPU
		{AB77545F-E66C-4D74-A1EA-2D69C2603EDB}.Debug|x86.Build.0 = Debug|Any CPU
		{AB77545F-E66C-4D74-A1EA-2D69C2603EDB}.Release|Any CPU.ActiveCfg = Release|Any CPU
		{AB77545F-E66C-4D74-A1EA-2D69C2603EDB}.Release|Any CPU.Build.0 = Release|Any CPU
		{AB77545F-E66C-4D74-A1EA-2D69C2603EDB}.Release|x64.ActiveCfg = Release|Any CPU
		{AB77545F-E66C-4D74-A1EA-2D69C2603EDB}.Release|x64.Build.0 = Release|Any CPU
		{AB77545F-E66C-4D74-A1EA-2D69C2603EDB}.Release|x86.ActiveCfg = Release|Any CPU
		{AB77545F-E66C-4D74-A1EA-2D69C2603EDB}.Release|x86.Build.0 = Release|Any CPU
		{D0B3F343-0642-4462-9C3F-D4499703FB4E}.Debug|Any CPU.ActiveCfg = Debug|Any CPU
		{D0B3F343-0642-4462-9C3F-D4499703FB4E}.Debug|Any CPU.Build.0 = Debug|Any CPU
		{D0B3F343-0642-4462-9C3F-D4499703FB4E}.Debug|x64.ActiveCfg = Debug|Any CPU
		{D0B3F343-0642-4462-9C3F-D4499703FB4E}.Debug|x64.Build.0 = Debug|Any CPU
		{D0B3F343-0642-4462-9C3F-D4499703FB4E}.Debug|x86.ActiveCfg = Debug|Any CPU
		{D0B3F343-0642-4462-9C3F-D4499703FB4E}.Debug|x86.Build.0 = Debug|Any CPU
		{D0B3F343-0642-4462-9C3F-D4499703FB4E}.Release|Any CPU.ActiveCfg = Release|Any CPU
		{D0B3F343-0642-4462-9C3F-D4499703FB4E}.Release|Any CPU.Build.0 = Release|Any CPU
		{D0B3F343-0642-4462-9C3F-D4499703FB4E}.Release|x64.ActiveCfg = Release|Any CPU
		{D0B3F343-0642-4462-9C3F-D4499703FB4E}.Release|x64.Build.0 = Release|Any CPU
		{D0B3F343-0642-4462-9C3F-D4499703FB4E}.Release|x86.ActiveCfg = Release|Any CPU
		{D0B3F343-0642-4462-9C3F-D4499703FB4E}.Release|x86.Build.0 = Release|Any CPU
		{8AD8CAB3-5AC0-4E2C-806F-8EED613F0919}.Debug|Any CPU.ActiveCfg = Debug|Any CPU
		{8AD8CAB3-5AC0-4E2C-806F-8EED613F0919}.Debug|Any CPU.Build.0 = Debug|Any CPU
		{8AD8CAB3-5AC0-4E2C-806F-8EED613F0919}.Debug|x64.ActiveCfg = Debug|Any CPU
		{8AD8CAB3-5AC0-4E2C-806F-8EED613F0919}.Debug|x64.Build.0 = Debug|Any CPU
		{8AD8CAB3-5AC0-4E2C-806F-8EED613F0919}.Debug|x86.ActiveCfg = Debug|Any CPU
		{8AD8CAB3-5AC0-4E2C-806F-8EED613F0919}.Debug|x86.Build.0 = Debug|Any CPU
		{8AD8CAB3-5AC0-4E2C-806F-8EED613F0919}.Release|Any CPU.ActiveCfg = Release|Any CPU
		{8AD8CAB3-5AC0-4E2C-806F-8EED613F0919}.Release|Any CPU.Build.0 = Release|Any CPU
		{8AD8CAB3-5AC0-4E2C-806F-8EED613F0919}.Release|x64.ActiveCfg = Release|Any CPU
		{8AD8CAB3-5AC0-4E2C-806F-8EED613F0919}.Release|x64.Build.0 = Release|Any CPU
		{8AD8CAB3-5AC0-4E2C-806F-8EED613F0919}.Release|x86.ActiveCfg = Release|Any CPU
		{8AD8CAB3-5AC0-4E2C-806F-8EED613F0919}.Release|x86.Build.0 = Release|Any CPU
		{3528A9AB-ADC9-48F4-8410-295857BC5973}.Debug|Any CPU.ActiveCfg = Debug|Any CPU
		{3528A9AB-ADC9-48F4-8410-295857BC5973}.Debug|Any CPU.Build.0 = Debug|Any CPU
		{3528A9AB-ADC9-48F4-8410-295857BC5973}.Debug|x64.ActiveCfg = Debug|Any CPU
		{3528A9AB-ADC9-48F4-8410-295857BC5973}.Debug|x64.Build.0 = Debug|Any CPU
		{3528A9AB-ADC9-48F4-8410-295857BC5973}.Debug|x86.ActiveCfg = Debug|Any CPU
		{3528A9AB-ADC9-48F4-8410-295857BC5973}.Debug|x86.Build.0 = Debug|Any CPU
		{3528A9AB-ADC9-48F4-8410-295857BC5973}.Release|Any CPU.ActiveCfg = Release|Any CPU
		{3528A9AB-ADC9-48F4-8410-295857BC5973}.Release|Any CPU.Build.0 = Release|Any CPU
		{3528A9AB-ADC9-48F4-8410-295857BC5973}.Release|x64.ActiveCfg = Release|Any CPU
		{3528A9AB-ADC9-48F4-8410-295857BC5973}.Release|x64.Build.0 = Release|Any CPU
		{3528A9AB-ADC9-48F4-8410-295857BC5973}.Release|x86.ActiveCfg = Release|Any CPU
		{3528A9AB-ADC9-48F4-8410-295857BC5973}.Release|x86.Build.0 = Release|Any CPU
		{47E2B643-254C-4212-B568-C31DB16300C2}.Debug|Any CPU.ActiveCfg = Debug|Any CPU
		{47E2B643-254C-4212-B568-C31DB16300C2}.Debug|Any CPU.Build.0 = Debug|Any CPU
		{47E2B643-254C-4212-B568-C31DB16300C2}.Debug|x64.ActiveCfg = Debug|Any CPU
		{47E2B643-254C-4212-B568-C31DB16300C2}.Debug|x64.Build.0 = Debug|Any CPU
		{47E2B643-254C-4212-B568-C31DB16300C2}.Debug|x86.ActiveCfg = Debug|Any CPU
		{47E2B643-254C-4212-B568-C31DB16300C2}.Debug|x86.Build.0 = Debug|Any CPU
		{47E2B643-254C-4212-B568-C31DB16300C2}.Release|Any CPU.ActiveCfg = Release|Any CPU
		{47E2B643-254C-4212-B568-C31DB16300C2}.Release|Any CPU.Build.0 = Release|Any CPU
		{47E2B643-254C-4212-B568-C31DB16300C2}.Release|x64.ActiveCfg = Release|Any CPU
		{47E2B643-254C-4212-B568-C31DB16300C2}.Release|x64.Build.0 = Release|Any CPU
		{47E2B643-254C-4212-B568-C31DB16300C2}.Release|x86.ActiveCfg = Release|Any CPU
		{47E2B643-254C-4212-B568-C31DB16300C2}.Release|x86.Build.0 = Release|Any CPU
		{1D4BA009-AB4D-4FF8-9A3B-B1D3402266AD}.Debug|Any CPU.ActiveCfg = Debug|Any CPU
		{1D4BA009-AB4D-4FF8-9A3B-B1D3402266AD}.Debug|Any CPU.Build.0 = Debug|Any CPU
		{1D4BA009-AB4D-4FF8-9A3B-B1D3402266AD}.Debug|x64.ActiveCfg = Debug|Any CPU
		{1D4BA009-AB4D-4FF8-9A3B-B1D3402266AD}.Debug|x64.Build.0 = Debug|Any CPU
		{1D4BA009-AB4D-4FF8-9A3B-B1D3402266AD}.Debug|x86.ActiveCfg = Debug|Any CPU
		{1D4BA009-AB4D-4FF8-9A3B-B1D3402266AD}.Debug|x86.Build.0 = Debug|Any CPU
		{1D4BA009-AB4D-4FF8-9A3B-B1D3402266AD}.Release|Any CPU.ActiveCfg = Release|Any CPU
		{1D4BA009-AB4D-4FF8-9A3B-B1D3402266AD}.Release|Any CPU.Build.0 = Release|Any CPU
		{1D4BA009-AB4D-4FF8-9A3B-B1D3402266AD}.Release|x64.ActiveCfg = Release|Any CPU
		{1D4BA009-AB4D-4FF8-9A3B-B1D3402266AD}.Release|x64.Build.0 = Release|Any CPU
		{1D4BA009-AB4D-4FF8-9A3B-B1D3402266AD}.Release|x86.ActiveCfg = Release|Any CPU
		{1D4BA009-AB4D-4FF8-9A3B-B1D3402266AD}.Release|x86.Build.0 = Release|Any CPU
		{F229CAC5-25B6-4FE0-9E51-12FC61EF6A07}.Debug|Any CPU.ActiveCfg = Debug|Any CPU
		{F229CAC5-25B6-4FE0-9E51-12FC61EF6A07}.Debug|Any CPU.Build.0 = Debug|Any CPU
		{F229CAC5-25B6-4FE0-9E51-12FC61EF6A07}.Debug|x64.ActiveCfg = Debug|Any CPU
		{F229CAC5-25B6-4FE0-9E51-12FC61EF6A07}.Debug|x64.Build.0 = Debug|Any CPU
		{F229CAC5-25B6-4FE0-9E51-12FC61EF6A07}.Debug|x86.ActiveCfg = Debug|Any CPU
		{F229CAC5-25B6-4FE0-9E51-12FC61EF6A07}.Debug|x86.Build.0 = Debug|Any CPU
		{F229CAC5-25B6-4FE0-9E51-12FC61EF6A07}.Release|Any CPU.ActiveCfg = Release|Any CPU
		{F229CAC5-25B6-4FE0-9E51-12FC61EF6A07}.Release|Any CPU.Build.0 = Release|Any CPU
		{F229CAC5-25B6-4FE0-9E51-12FC61EF6A07}.Release|x64.ActiveCfg = Release|Any CPU
		{F229CAC5-25B6-4FE0-9E51-12FC61EF6A07}.Release|x64.Build.0 = Release|Any CPU
		{F229CAC5-25B6-4FE0-9E51-12FC61EF6A07}.Release|x86.ActiveCfg = Release|Any CPU
		{F229CAC5-25B6-4FE0-9E51-12FC61EF6A07}.Release|x86.Build.0 = Release|Any CPU
		{DDA22293-401F-49D5-A29F-1DB4209ED78E}.Debug|Any CPU.ActiveCfg = Debug|Any CPU
		{DDA22293-401F-49D5-A29F-1DB4209ED78E}.Debug|Any CPU.Build.0 = Debug|Any CPU
		{DDA22293-401F-49D5-A29F-1DB4209ED78E}.Debug|x64.ActiveCfg = Debug|Any CPU
		{DDA22293-401F-49D5-A29F-1DB4209ED78E}.Debug|x64.Build.0 = Debug|Any CPU
		{DDA22293-401F-49D5-A29F-1DB4209ED78E}.Debug|x86.ActiveCfg = Debug|Any CPU
		{DDA22293-401F-49D5-A29F-1DB4209ED78E}.Debug|x86.Build.0 = Debug|Any CPU
		{DDA22293-401F-49D5-A29F-1DB4209ED78E}.Release|Any CPU.ActiveCfg = Release|Any CPU
		{DDA22293-401F-49D5-A29F-1DB4209ED78E}.Release|Any CPU.Build.0 = Release|Any CPU
		{DDA22293-401F-49D5-A29F-1DB4209ED78E}.Release|x64.ActiveCfg = Release|Any CPU
		{DDA22293-401F-49D5-A29F-1DB4209ED78E}.Release|x64.Build.0 = Release|Any CPU
		{DDA22293-401F-49D5-A29F-1DB4209ED78E}.Release|x86.ActiveCfg = Release|Any CPU
		{DDA22293-401F-49D5-A29F-1DB4209ED78E}.Release|x86.Build.0 = Release|Any CPU
		{15ED825D-768B-4541-BCB3-B9B192619CFE}.Debug|Any CPU.ActiveCfg = Debug|Any CPU
		{15ED825D-768B-4541-BCB3-B9B192619CFE}.Debug|Any CPU.Build.0 = Debug|Any CPU
		{15ED825D-768B-4541-BCB3-B9B192619CFE}.Debug|x64.ActiveCfg = Debug|Any CPU
		{15ED825D-768B-4541-BCB3-B9B192619CFE}.Debug|x64.Build.0 = Debug|Any CPU
		{15ED825D-768B-4541-BCB3-B9B192619CFE}.Debug|x86.ActiveCfg = Debug|Any CPU
		{15ED825D-768B-4541-BCB3-B9B192619CFE}.Debug|x86.Build.0 = Debug|Any CPU
		{15ED825D-768B-4541-BCB3-B9B192619CFE}.Release|Any CPU.ActiveCfg = Release|Any CPU
		{15ED825D-768B-4541-BCB3-B9B192619CFE}.Release|Any CPU.Build.0 = Release|Any CPU
		{15ED825D-768B-4541-BCB3-B9B192619CFE}.Release|x64.ActiveCfg = Release|Any CPU
		{15ED825D-768B-4541-BCB3-B9B192619CFE}.Release|x64.Build.0 = Release|Any CPU
		{15ED825D-768B-4541-BCB3-B9B192619CFE}.Release|x86.ActiveCfg = Release|Any CPU
		{15ED825D-768B-4541-BCB3-B9B192619CFE}.Release|x86.Build.0 = Release|Any CPU
	EndGlobalSection
	GlobalSection(SolutionProperties) = preSolution
		HideSolutionNode = FALSE
	EndGlobalSection
	GlobalSection(NestedProjects) = preSolution
		{3528A9AB-ADC9-48F4-8410-295857BC5973} = {99786194-E870-4A11-A31F-9A0EEC22C836}
		{1D4BA009-AB4D-4FF8-9A3B-B1D3402266AD} = {99786194-E870-4A11-A31F-9A0EEC22C836}
		{F229CAC5-25B6-4FE0-9E51-12FC61EF6A07} = {99786194-E870-4A11-A31F-9A0EEC22C836}
		{DDA22293-401F-49D5-A29F-1DB4209ED78E} = {99786194-E870-4A11-A31F-9A0EEC22C836}
		{15ED825D-768B-4541-BCB3-B9B192619CFE} = {99786194-E870-4A11-A31F-9A0EEC22C836}
	EndGlobalSection
	GlobalSection(ExtensibilityGlobals) = postSolution
		SolutionGuid = {7045423B-7050-4CA9-BD63-22FC708510BF}
	EndGlobalSection
EndGlobal
